
Microsoft Visual Studio Solution File, Format Version 12.00
# Visual Studio Version 17
VisualStudioVersion = 17.0.32112.339
MinimumVisualStudioVersion = 10.0.40219.1
Project("{FAE04EC0-301F-11D3-BF4B-00C04F79EFBC}") = "CapstoneDemo1", "CapstoneDemo1\CapstoneDemo1.csproj", "{73F929B5-7BDE-4350-A929-6221EA2A65E6}"
EndProject
Global
	GlobalSection(SolutionConfigurationPlatforms) = preSolution
		Debug|Any CPU = Debug|Any CPU
		Release|Any CPU = Release|Any CPU
	EndGlobalSection
	GlobalSection(ProjectConfigurationPlatforms) = postSolution
		{73F929B5-7BDE-4350-A929-6221EA2A65E6}.Debug|Any CPU.ActiveCfg = Debug|Any CPU
		{73F929B5-7BDE-4350-A929-6221EA2A65E6}.Debug|Any CPU.Build.0 = Debug|Any CPU
		{73F929B5-7BDE-4350-A929-6221EA2A65E6}.Release|Any CPU.ActiveCfg = Release|Any CPU
		{73F929B5-7BDE-4350-A929-6221EA2A65E6}.Release|Any CPU.Build.0 = Release|Any CPU
	EndGlobalSection
	GlobalSection(SolutionProperties) = preSolution
		HideSolutionNode = FALSE
	EndGlobalSection
	GlobalSection(ExtensibilityGlobals) = postSolution
		SolutionGuid = {EE42E218-19B4-47BD-8D4E-AA4825B9EE50}
	EndGlobalSection
EndGlobal
